
Microsoft Visual Studio Solution File, Format Version 12.00
# Visual Studio Version 17
VisualStudioVersion = 17.10.35027.167
MinimumVisualStudioVersion = 10.0.40219.1
Project("{FAE04EC0-301F-11D3-BF4B-00C04F79EFBC}") = "Lab8", "Lab8\Lab8.csproj", "{47AE0F91-417D-410A-8E7E-A2AD45A97D19}"
EndProject
Global
	GlobalSection(SolutionConfigurationPlatforms) = preSolution
		Debug|Any CPU = Debug|Any CPU
		Release|Any CPU = Release|Any CPU
	EndGlobalSection
	GlobalSection(ProjectConfigurationPlatforms) = postSolution
		{47AE0F91-417D-410A-8E7E-A2AD45A97D19}.Debug|Any CPU.ActiveCfg = Debug|Any CPU
		{47AE0F91-417D-410A-8E7E-A2AD45A97D19}.Debug|Any CPU.Build.0 = Debug|Any CPU
		{47AE0F91-417D-410A-8E7E-A2AD45A97D19}.Release|Any CPU.ActiveCfg = Release|Any CPU
		{47AE0F91-417D-410A-8E7E-A2AD45A97D19}.Release|Any CPU.Build.0 = Release|Any CPU
	EndGlobalSection
	GlobalSection(SolutionProperties) = preSolution
		HideSolutionNode = FALSE
	EndGlobalSection
	GlobalSection(ExtensibilityGlobals) = postSolution
		SolutionGuid = {EF68339B-3FB1-4C46-AFF4-04714C767123}
	EndGlobalSection
EndGlobal
